github.com/0xAX/notificator v0.0.0-20191016112426-3962a5ea8da1 h1:j9HaafapDbPbGRDku6e/HRs6KBMcKHiWcm1/9Sbxnl4=
github.com/0xAX/notificator v0.0.0-20191016112426-3962a5ea8da1/go.mod h1:NtXa9WwQsukMHZpjNakTTz0LArxvGYdPA9CjIcUSZ6s=
github.com/BurntSushi/toml v0.3.1 h1:WXkYYl6Yr3qBf1K79EBnL4mak0OimBfB0XUf9Vl28OQ=
github.com/BurntSushi/toml v0.3.1/go.mod h1:xHWCNGjB5oqiDr8zfno3MHue2Ht5sIBksp03qcyfWMU=
github.com/robfig/cron v1.2.0 h1:ZjScXvvxeQ63Dbyxy76Fj3AT3Ut0aKsyd2/tl3DTMuQ=
github.com/robfig/cron v1.2.0/go.mod h1:JGuDeoQd7Z6yL4zQhZ3OPEVHB7fL6Ka6skscFHfmt2k=
github.com/y-yagi/configure v0.2.0 h1:v27/4bRcJKQgrd4Yh9y9Fptoa15wuldazrjPBWCvKrM=
github.com/y-yagi/configure v0.2.0/go.mod h1:BztcwSytGmEB/wRUn4z6kIQhYmCZvbXUGKWkWjuJGkg=
